
Microsoft Visual Studio Solution File, Format Version 12.00
Project("{FAE04EC0-301F-11D3-BF4B-00C04F79EFBC}") = "InzSeeder.Core", "InzSeeder.Core\InzSeeder.Core.csproj", "{7F737DB5-DFD2-43F7-A413-56ED53281AA6}"
EndProject
Project("{FAE04EC0-301F-11D3-BF4B-00C04F79EFBC}") = "InzSeeder.Samples.InMemory", "InzSeeder.Samples.InMemory\InzSeeder.Samples.InMemory.csproj", "{AFFF76E0-580A-42A1-A1EC-A975BC84130D}"
EndProject
Global
	GlobalSection(SolutionConfigurationPlatforms) = preSolution
		Debug|Any CPU = Debug|Any CPU
		Release|Any CPU = Release|Any CPU
	EndGlobalSection
	GlobalSection(ProjectConfigurationPlatforms) = postSolution
		{7F737DB5-DFD2-43F7-A413-56ED53281AA6}.Debug|Any CPU.ActiveCfg = Debug|Any CPU
		{7F737DB5-DFD2-43F7-A413-56ED53281AA6}.Debug|Any CPU.Build.0 = Debug|Any CPU
		{7F737DB5-DFD2-43F7-A413-56ED53281AA6}.Release|Any CPU.ActiveCfg = Release|Any CPU
		{7F737DB5-DFD2-43F7-A413-56ED53281AA6}.Release|Any CPU.Build.0 = Release|Any CPU
		{AFFF76E0-580A-42A1-A1EC-A975BC84130D}.Debug|Any CPU.ActiveCfg = Debug|Any CPU
		{AFFF76E0-580A-42A1-A1EC-A975BC84130D}.Debug|Any CPU.Build.0 = Debug|Any CPU
		{AFFF76E0-580A-42A1-A1EC-A975BC84130D}.Release|Any CPU.ActiveCfg = Release|Any CPU
		{AFFF76E0-580A-42A1-A1EC-A975BC84130D}.Release|Any CPU.Build.0 = Release|Any CPU
	EndGlobalSection
EndGlobal
